
Microsoft Visual Studio Solution File, Format Version 12.00
# Visual Studio Version 17
VisualStudioVersion = 17.10.35027.167
MinimumVisualStudioVersion = 10.0.40219.1
Project("{9A19103F-16F7-4668-BE54-9A1E7A4F7556}") = "ScreenSound", "ScreenSound\ScreenSound.csproj", "{766DC019-7B38-45D8-AAFB-C2EAD16AEE45}"
EndProject
Project("{2150E333-8FDC-42A3-9474-1A3956D46DE8}") = "Éléments de solution", "Éléments de solution", "{67D8DD69-8960-4F54-AB97-00D8216CF4DA}"
	ProjectSection(SolutionItems) = preProject
		AssemblyInfo.cs = AssemblyInfo.cs
	EndProjectSection
EndProject
Global
	GlobalSection(SolutionConfigurationPlatforms) = preSolution
		Debug|Any CPU = Debug|Any CPU
		Release|Any CPU = Release|Any CPU
	EndGlobalSection
	GlobalSection(ProjectConfigurationPlatforms) = postSolution
		{766DC019-7B38-45D8-AAFB-C2EAD16AEE45}.Debug|Any CPU.ActiveCfg = Debug|Any CPU
		{766DC019-7B38-45D8-AAFB-C2EAD16AEE45}.Debug|Any CPU.Build.0 = Debug|Any CPU
		{766DC019-7B38-45D8-AAFB-C2EAD16AEE45}.Release|Any CPU.ActiveCfg = Release|Any CPU
		{766DC019-7B38-45D8-AAFB-C2EAD16AEE45}.Release|Any CPU.Build.0 = Release|Any CPU
	EndGlobalSection
	GlobalSection(SolutionProperties) = preSolution
		HideSolutionNode = FALSE
	EndGlobalSection
	GlobalSection(ExtensibilityGlobals) = postSolution
		SolutionGuid = {3A90F884-D6A1-4416-8C1C-CCB417D6310E}
	EndGlobalSection
EndGlobal
